
Microsoft Visual Studio Solution File, Format Version 12.00
Project("{FAE04EC0-301F-11D3-BF4B-00C04F79EFBC}") = "OvertimeHour", "OvertimeHour\OvertimeHour.csproj", "{96091741-C541-434A-8B09-5D511023CBCE}"
EndProject
Global
	GlobalSection(SolutionConfigurationPlatforms) = preSolution
		Debug|Any CPU = Debug|Any CPU
		Release|Any CPU = Release|Any CPU
	EndGlobalSection
	GlobalSection(ProjectConfigurationPlatforms) = postSolution
		{96091741-C541-434A-8B09-5D511023CBCE}.Debug|Any CPU.ActiveCfg = Debug|Any CPU
		{96091741-C541-434A-8B09-5D511023CBCE}.Debug|Any CPU.Build.0 = Debug|Any CPU
		{96091741-C541-434A-8B09-5D511023CBCE}.Release|Any CPU.ActiveCfg = Release|Any CPU
		{96091741-C541-434A-8B09-5D511023CBCE}.Release|Any CPU.Build.0 = Release|Any CPU
	EndGlobalSection
EndGlobal
